
Microsoft Visual Studio Solution File, Format Version 12.00
# Visual Studio Version 17
VisualStudioVersion = 17.4.33205.214
MinimumVisualStudioVersion = 10.0.40219.1
Project("{FAE04EC0-301F-11D3-BF4B-00C04F79EFBC}") = "CafeManagement", "CafeManagement\CafeManagement.csproj", "{300EC5AB-7FB4-4C9A-8033-4866C08BE25B}"
EndProject
Global
	GlobalSection(SolutionConfigurationPlatforms) = preSolution
		Debug|Any CPU = Debug|Any CPU
		Release|Any CPU = Release|Any CPU
	EndGlobalSection
	GlobalSection(ProjectConfigurationPlatforms) = postSolution
		{300EC5AB-7FB4-4C9A-8033-4866C08BE25B}.Debug|Any CPU.ActiveCfg = Debug|Any CPU
		{300EC5AB-7FB4-4C9A-8033-4866C08BE25B}.Debug|Any CPU.Build.0 = Debug|Any CPU
		{300EC5AB-7FB4-4C9A-8033-4866C08BE25B}.Release|Any CPU.ActiveCfg = Release|Any CPU
		{300EC5AB-7FB4-4C9A-8033-4866C08BE25B}.Release|Any CPU.Build.0 = Release|Any CPU
	EndGlobalSection
	GlobalSection(SolutionProperties) = preSolution
		HideSolutionNode = FALSE
	EndGlobalSection
	GlobalSection(ExtensibilityGlobals) = postSolution
		SolutionGuid = {CA551E2E-0FF3-4989-9EE4-F6463BACDB66}
	EndGlobalSection
EndGlobal
